
Microsoft Visual Studio Solution File, Format Version 12.00
# Visual Studio Version 17
VisualStudioVersion = 17.4.33110.190
MinimumVisualStudioVersion = 10.0.40219.1
Project("{FAE04EC0-301F-11D3-BF4B-00C04F79EFBC}") = "PR21.102.Zotochkina3", "PR21.102.Zotochkina3\PR21.102.Zotochkina3.csproj", "{3AEAD702-0008-4E9D-B442-4BA446296DE0}"
EndProject
Global
	GlobalSection(SolutionConfigurationPlatforms) = preSolution
		Debug|Any CPU = Debug|Any CPU
		Release|Any CPU = Release|Any CPU
	EndGlobalSection
	GlobalSection(ProjectConfigurationPlatforms) = postSolution
		{3AEAD702-0008-4E9D-B442-4BA446296DE0}.Debug|Any CPU.ActiveCfg = Debug|Any CPU
		{3AEAD702-0008-4E9D-B442-4BA446296DE0}.Debug|Any CPU.Build.0 = Debug|Any CPU
		{3AEAD702-0008-4E9D-B442-4BA446296DE0}.Release|Any CPU.ActiveCfg = Release|Any CPU
		{3AEAD702-0008-4E9D-B442-4BA446296DE0}.Release|Any CPU.Build.0 = Release|Any CPU
	EndGlobalSection
	GlobalSection(SolutionProperties) = preSolution
		HideSolutionNode = FALSE
	EndGlobalSection
	GlobalSection(ExtensibilityGlobals) = postSolution
		SolutionGuid = {DD73937E-AE5F-4691-87D7-4C0BF4937C23}
	EndGlobalSection
EndGlobal
